{
  "name": "als-deli-website",
  "version": "1.0.0",
  "lockfileVersion": 3,
  "requires": true,
  "packages": {
    "": {
      "name": "als-deli-website",
      "version": "1.0.0",
      "dependencies": {
        "@supabase/supabase-js": "^2.39.0",
        "stripe": "^14.0.0"
      }
    },
    "node_modules/@supabase/supabase-js": {
      "version": "2.39.0",
      "resolved": "https://registry.npmjs.org/@supabase/supabase-js/-/supabase-js-2.39.0.tgz"
    },
    "node_modules/stripe": {
      "version": "14.0.0",
      "resolved": "https://registry.npmjs.org/stripe/-/stripe-14.0.0.tgz"
    }
  }
}
